schema: '2.0'
stages:
  build_features:
    cmd: python .\src\features\build_features.py
    deps:
    - path: .\data\raw\
      hash: md5
      md5: 775bd993f722629b752d2bdee167a7a2.dir
      size: 271383386
      nfiles: 3
    - path: .\src\features\build_features.py
      hash: md5
      md5: 1e3875112afd42d30fa701c1132201ce
      size: 1126
  train_model:
    cmd: python .\src\models\train_model.py .\data\processed\
    deps:
    - path: .\data\processed\
      hash: md5
      md5: e5c85a593eeeffdb3c1c307e02cfaa9b.dir
      size: 338019813
      nfiles: 3
    - path: .\src\models\train_model.py
      hash: md5
      md5: 38c4dacde25637d6937fdc470ba9ed19
      size: 3834
  push_model:
    cmd: python .\src\models\push_model.py .\data\processed\
    deps:
    - path: .\models\
      hash: md5
      md5: 1e51db9d999b560f3bf08b1232c6c3eb.dir
      size: 173647
      nfiles: 2
    - path: .\src\models\train_model.py
      hash: md5
      md5: 38c4dacde25637d6937fdc470ba9ed19
      size: 3834
